// !$*UTF8*$!
{
	archiveVersion = 1;
	classes = {
	};
	objectVersion = 46;
	objects = {

/* Begin PBXBuildFile section */
		761792751F61EA2900C8B6BE /* MessagePublishController.swift in Sources */ = {isa = PBXBuildFile; fileRef = 761792741F61EA2900C8B6BE /* MessagePublishController.swift */; };
		764A51F01F9B560C007623F5 /* PickUpLinesTableViewController.swift in Sources */ = {isa = PBXBuildFile; fileRef = 764A51EF1F9B560C007623F5 /* PickUpLinesTableViewController.swift */; };
		764A51F21F9B5623007623F5 /* PickUpLinesTableViewCell.swift in Sources */ = {isa = PBXBuildFile; fileRef = 764A51F11F9B5623007623F5 /* PickUpLinesTableViewCell.swift */; };
		766DE8C31FD6DAFA00593C89 /* global.swift in Sources */ = {isa = PBXBuildFile; fileRef = 766DE8C21FD6DAFA00593C89 /* global.swift */; };
		7670EBDA1F7367EA004C7FCC /* DisplayingTableViewController.swift in Sources */ = {isa = PBXBuildFile; fileRef = 7670EBD91F7367EA004C7FCC /* DisplayingTableViewController.swift */; };
		7670EBDC1F736ECA004C7FCC /* Message.swift in Sources */ = {isa = PBXBuildFile; fileRef = 7670EBDB1F736ECA004C7FCC /* Message.swift */; };
		7670EBDE1F7384EE004C7FCC /* DisplayingTableViewCell.swift in Sources */ = {isa = PBXBuildFile; fileRef = 7670EBDD1F7384EE004C7FCC /* DisplayingTableViewCell.swift */; };
		7689AE5A1F5D6DC500144FDC /* AppDelegate.swift in Sources */ = {isa = PBXBuildFile; fileRef = 7689AE591F5D6DC500144FDC /* AppDelegate.swift */; };
		7689AE5F1F5D6DC500144FDC /* Main.storyboard in Resources */ = {isa = PBXBuildFile; fileRef = 7689AE5D1F5D6DC500144FDC /* Main.storyboard */; };
		7689AE611F5D6DC500144FDC /* Assets.xcassets in Resources */ = {isa = PBXBuildFile; fileRef = 7689AE601F5D6DC500144FDC /* Assets.xcassets */; };
		7689AE641F5D6DC500144FDC /* LaunchScreen.storyboard in Resources */ = {isa = PBXBuildFile; fileRef = 7689AE621F5D6DC500144FDC /* LaunchScreen.storyboard */; };
		7689AE6E1F5E1F2500144FDC /* MachinesTableViewCell.swift in Sources */ = {isa = PBXBuildFile; fileRef = 7689AE6D1F5E1F2500144FDC /* MachinesTableViewCell.swift */; };
		7689AE701F5E96DD00144FDC /* MachineDetailViewController.swift in Sources */ = {isa = PBXBuildFile; fileRef = 7689AE6F1F5E96DD00144FDC /* MachineDetailViewController.swift */; };
		7689AE741F5ECD6700144FDC /* MachineDetailViewCell.swift in Sources */ = {isa = PBXBuildFile; fileRef = 7689AE731F5ECD6700144FDC /* MachineDetailViewCell.swift */; };
		7689AE761F5FC42300144FDC /* MachinesTableViewController.swift in Sources */ = {isa = PBXBuildFile; fileRef = 7689AE751F5FC42300144FDC /* MachinesTableViewController.swift */; };
		7689AE781F5FCD6300144FDC /* Device.swift in Sources */ = {isa = PBXBuildFile; fileRef = 7689AE771F5FCD6300144FDC /* Device.swift */; };
		768C72171F8FCC0C00E99B75 /* ProfileTableViewCell.swift in Sources */ = {isa = PBXBuildFile; fileRef = 768C72161F8FCC0C00E99B75 /* ProfileTableViewCell.swift */; };
		768C72191F8FCC5400E99B75 /* ProfileViewController.swift in Sources */ = {isa = PBXBuildFile; fileRef = 768C72181F8FCC5400E99B75 /* ProfileViewController.swift */; };
		768C721B1F8FCDEA00E99B75 /* User.swift in Sources */ = {isa = PBXBuildFile; fileRef = 768C721A1F8FCDEA00E99B75 /* User.swift */; };
		768C721D1F8FEE3B00E99B75 /* LogInViewController.swift in Sources */ = {isa = PBXBuildFile; fileRef = 768C721C1F8FEE3B00E99B75 /* LogInViewController.swift */; };
		76CF66371FA6325E00448B7C /* Handy.swift in Sources */ = {isa = PBXBuildFile; fileRef = 76CF66361FA6325E00448B7C /* Handy.swift */; };
		76E96AA91FCA7ABE003A769D /* RegisterViewController.swift in Sources */ = {isa = PBXBuildFile; fileRef = 76E96AA81FCA7ABE003A769D /* RegisterViewController.swift */; };
/* End PBXBuildFile section */

/* Begin PBXFileReference section */
		761792741F61EA2900C8B6BE /* MessagePublishController.swift */ = {isa = PBXFileReference; fileEncoding = 4; lastKnownFileType = sourcecode.swift; path = MessagePublishController.swift; sourceTree = "<group>"; };
		764A51EF1F9B560C007623F5 /* PickUpLinesTableViewController.swift */ = {isa = PBXFileReference; lastKnownFileType = sourcecode.swift; path = PickUpLinesTableViewController.swift; sourceTree = "<group>"; };
		764A51F11F9B5623007623F5 /* PickUpLinesTableViewCell.swift */ = {isa = PBXFileReference; lastKnownFileType = sourcecode.swift; path = PickUpLinesTableViewCell.swift; sourceTree = "<group>"; };
		766DE8C21FD6DAFA00593C89 /* global.swift */ = {isa = PBXFileReference; lastKnownFileType = sourcecode.swift; path = global.swift; sourceTree = "<group>"; };
		7670EBD91F7367EA004C7FCC /* DisplayingTableViewController.swift */ = {isa = PBXFileReference; lastKnownFileType = sourcecode.swift; path = DisplayingTableViewController.swift; sourceTree = "<group>"; };
		7670EBDB1F736ECA004C7FCC /* Message.swift */ = {isa = PBXFileReference; lastKnownFileType = sourcecode.swift; path = Message.swift; sourceTree = "<group>"; };
		7670EBDD1F7384EE004C7FCC /* DisplayingTableViewCell.swift */ = {isa = PBXFileReference; lastKnownFileType = sourcecode.swift; path = DisplayingTableViewCell.swift; sourceTree = "<group>"; };
		7689AE561F5D6DC500144FDC /* Project.app */ = {isa = PBXFileReference; explicitFileType = wrapper.application; includeInIndex = 0; path = Project.app; sourceTree = BUILT_PRODUCTS_DIR; };
		7689AE591F5D6DC500144FDC /* AppDelegate.swift */ = {isa = PBXFileReference; lastKnownFileType = sourcecode.swift; path = AppDelegate.swift; sourceTree = "<group>"; };
		7689AE5E1F5D6DC500144FDC /* Base */ = {isa = PBXFileReference; lastKnownFileType = file.storyboard; name = Base; path = Base.lproj/Main.storyboard; sourceTree = "<group>"; };
		7689AE601F5D6DC500144FDC /* Assets.xcassets */ = {isa = PBXFileReference; lastKnownFileType = folder.assetcatalog; path = Assets.xcassets; sourceTree = "<group>"; };
		7689AE631F5D6DC500144FDC /* Base */ = {isa = PBXFileReference; lastKnownFileType = file.storyboard; name = Base; path = Base.lproj/LaunchScreen.storyboard; sourceTree = "<group>"; };
		7689AE651F5D6DC500144FDC /* Info.plist */ = {isa = PBXFileReference; lastKnownFileType = text.plist.xml; path = Info.plist; sourceTree = "<group>"; };
		7689AE6D1F5E1F2500144FDC /* MachinesTableViewCell.swift */ = {isa = PBXFileReference; fileEncoding = 4; lastKnownFileType = sourcecode.swift; path = MachinesTableViewCell.swift; sourceTree = "<group>"; };
		7689AE6F1F5E96DD00144FDC /* MachineDetailViewController.swift */ = {isa = PBXFileReference; fileEncoding = 4; lastKnownFileType = sourcecode.swift; path = MachineDetailViewController.swift; sourceTree = "<group>"; };
		7689AE731F5ECD6700144FDC /* MachineDetailViewCell.swift */ = {isa = PBXFileReference; fileEncoding = 4; lastKnownFileType = sourcecode.swift; path = MachineDetailViewCell.swift; sourceTree = "<group>"; };
		7689AE751F5FC42300144FDC /* MachinesTableViewController.swift */ = {isa = PBXFileReference; fileEncoding = 4; lastKnownFileType = sourcecode.swift; path = MachinesTableViewController.swift; sourceTree = "<group>"; };
		7689AE771F5FCD6300144FDC /* Device.swift */ = {isa = PBXFileReference; fileEncoding = 4; lastKnownFileType = sourcecode.swift; path = Device.swift; sourceTree = "<group>"; };
		768C72161F8FCC0C00E99B75 /* ProfileTableViewCell.swift */ = {isa = PBXFileReference; lastKnownFileType = sourcecode.swift; path = ProfileTableViewCell.swift; sourceTree = "<group>"; };
		768C72181F8FCC5400E99B75 /* ProfileViewController.swift */ = {isa = PBXFileReference; lastKnownFileType = sourcecode.swift; path = ProfileViewController.swift; sourceTree = "<group>"; };
		768C721A1F8FCDEA00E99B75 /* User.swift */ = {isa = PBXFileReference; lastKnownFileType = sourcecode.swift; path = User.swift; sourceTree = "<group>"; };
		768C721C1F8FEE3B00E99B75 /* LogInViewController.swift */ = {isa = PBXFileReference; lastKnownFileType = sourcecode.swift; path = LogInViewController.swift; sourceTree = "<group>"; };
		76CF66361FA6325E00448B7C /* Handy.swift */ = {isa = PBXFileReference; lastKnownFileType = sourcecode.swift; path = Handy.swift; sourceTree = "<group>"; };
		76E96AA81FCA7ABE003A769D /* RegisterViewController.swift */ = {isa = PBXFileReference; lastKnownFileType = sourcecode.swift; path = RegisterViewController.swift; sourceTree = "<group>"; };
/* End PBXFileReference section */

/* Begin PBXFrameworksBuildPhase section */
		7689AE531F5D6DC500144FDC /* Frameworks */ = {
			isa = PBXFrameworksBuildPhase;
			buildActionMask = 2147483647;
			files = (
			);
			runOnlyForDeploymentPostprocessing = 0;
		};
/* End PBXFrameworksBuildPhase section */

/* Begin PBXGroup section */
		7689AE4D1F5D6DC500144FDC = {
			isa = PBXGroup;
			children = (
				7689AE581F5D6DC500144FDC /* Project */,
				7689AE571F5D6DC500144FDC /* Products */,
			);
			sourceTree = "<group>";
		};
		7689AE571F5D6DC500144FDC /* Products */ = {
			isa = PBXGroup;
			children = (
				7689AE561F5D6DC500144FDC /* Project.app */,
			);
			name = Products;
			sourceTree = "<group>";
		};
		7689AE581F5D6DC500144FDC /* Project */ = {
			isa = PBXGroup;
			children = (
				7689AE591F5D6DC500144FDC /* AppDelegate.swift */,
				7689AE5D1F5D6DC500144FDC /* Main.storyboard */,
				7689AE601F5D6DC500144FDC /* Assets.xcassets */,
				7689AE621F5D6DC500144FDC /* LaunchScreen.storyboard */,
				7689AE651F5D6DC500144FDC /* Info.plist */,
				766DE8C21FD6DAFA00593C89 /* global.swift */,
				768C721A1F8FCDEA00E99B75 /* User.swift */,
				7689AE771F5FCD6300144FDC /* Device.swift */,
				7670EBDB1F736ECA004C7FCC /* Message.swift */,
				768C721C1F8FEE3B00E99B75 /* LogInViewController.swift */,
				76E96AA81FCA7ABE003A769D /* RegisterViewController.swift */,
				768C72181F8FCC5400E99B75 /* ProfileViewController.swift */,
				768C72161F8FCC0C00E99B75 /* ProfileTableViewCell.swift */,
				7689AE751F5FC42300144FDC /* MachinesTableViewController.swift */,
				7689AE6D1F5E1F2500144FDC /* MachinesTableViewCell.swift */,
				7689AE6F1F5E96DD00144FDC /* MachineDetailViewController.swift */,
				7689AE731F5ECD6700144FDC /* MachineDetailViewCell.swift */,
				7670EBD91F7367EA004C7FCC /* DisplayingTableViewController.swift */,
				7670EBDD1F7384EE004C7FCC /* DisplayingTableViewCell.swift */,
				761792741F61EA2900C8B6BE /* MessagePublishController.swift */,
				764A51EF1F9B560C007623F5 /* PickUpLinesTableViewController.swift */,
				764A51F11F9B5623007623F5 /* PickUpLinesTableViewCell.swift */,
				76CF66361FA6325E00448B7C /* Handy.swift */,
			);
			path = Project;
			sourceTree = "<group>";
		};
/* End PBXGroup section */

/* Begin PBXNativeTarget section */
		7689AE551F5D6DC500144FDC /* Project */ = {
			isa = PBXNativeTarget;
			buildConfigurationList = 7689AE681F5D6DC500144FDC /* Build configuration list for PBXNativeTarget "Project" */;
			buildPhases = (
				7689AE521F5D6DC500144FDC /* Sources */,
				7689AE531F5D6DC500144FDC /* Frameworks */,
				7689AE541F5D6DC500144FDC /* Resources */,
			);
			buildRules = (
			);
			dependencies = (
			);
			name = Project;
			productName = Project;
			productReference = 7689AE561F5D6DC500144FDC /* Project.app */;
			productType = "com.apple.product-type.application";
		};
/* End PBXNativeTarget section */

/* Begin PBXProject section */
		7689AE4E1F5D6DC500144FDC /* Project object */ = {
			isa = PBXProject;
			attributes = {
				LastSwiftUpdateCheck = 0830;
				LastUpgradeCheck = 0900;
				ORGANIZATIONNAME = "Kevin Lin";
				TargetAttributes = {
					7689AE551F5D6DC500144FDC = {
						CreatedOnToolsVersion = 8.3.3;
						ProvisioningStyle = Automatic;
					};
				};
			};
			buildConfigurationList = 7689AE511F5D6DC500144FDC /* Build configuration list for PBXProject "Project" */;
			compatibilityVersion = "Xcode 3.2";
			developmentRegion = English;
			hasScannedForEncodings = 0;
			knownRegions = (
				en,
				Base,
			);
			mainGroup = 7689AE4D1F5D6DC500144FDC;
			productRefGroup = 7689AE571F5D6DC500144FDC /* Products */;
			projectDirPath = "";
			projectRoot = "";
			targets = (
				7689AE551F5D6DC500144FDC /* Project */,
			);
		};
/* End PBXProject section */

/* Begin PBXResourcesBuildPhase section */
		7689AE541F5D6DC500144FDC /* Resources */ = {
			isa = PBXResourcesBuildPhase;
			buildActionMask = 2147483647;
			files = (
				7689AE641F5D6DC500144FDC /* LaunchScreen.storyboard in Resources */,
				7689AE611F5D6DC500144FDC /* Assets.xcassets in Resources */,
				7689AE5F1F5D6DC500144FDC /* Main.storyboard in Resources */,
			);
			runOnlyForDeploymentPostprocessing = 0;
		};
/* End PBXResourcesBuildPhase section */

/* Begin PBXSourcesBuildPhase section */
		7689AE521F5D6DC500144FDC /* Sources */ = {
			isa = PBXSourcesBuildPhase;
			buildActionMask = 2147483647;
			files = (
				768C721B1F8FCDEA00E99B75 /* User.swift in Sources */,
				761792751F61EA2900C8B6BE /* MessagePublishController.swift in Sources */,
				766DE8C31FD6DAFA00593C89 /* global.swift in Sources */,
				7670EBDA1F7367EA004C7FCC /* DisplayingTableViewController.swift in Sources */,
				764A51F21F9B5623007623F5 /* PickUpLinesTableViewCell.swift in Sources */,
				76CF66371FA6325E00448B7C /* Handy.swift in Sources */,
				7689AE741F5ECD6700144FDC /* MachineDetailViewCell.swift in Sources */,
				7670EBDC1F736ECA004C7FCC /* Message.swift in Sources */,
				7689AE5A1F5D6DC500144FDC /* AppDelegate.swift in Sources */,
				7670EBDE1F7384EE004C7FCC /* DisplayingTableViewCell.swift in Sources */,
				76E96AA91FCA7ABE003A769D /* RegisterViewController.swift in Sources */,
				768C72191F8FCC5400E99B75 /* ProfileViewController.swift in Sources */,
				7689AE701F5E96DD00144FDC /* MachineDetailViewController.swift in Sources */,
				7689AE781F5FCD6300144FDC /* Device.swift in Sources */,
				768C721D1F8FEE3B00E99B75 /* LogInViewController.swift in Sources */,
				768C72171F8FCC0C00E99B75 /* ProfileTableViewCell.swift in Sources */,
				7689AE6E1F5E1F2500144FDC /* MachinesTableViewCell.swift in Sources */,
				7689AE761F5FC42300144FDC /* MachinesTableViewController.swift in Sources */,
				764A51F01F9B560C007623F5 /* PickUpLinesTableViewController.swift in Sources */,
			);
			runOnlyForDeploymentPostprocessing = 0;
		};
/* End PBXSourcesBuildPhase section */

/* Begin PBXVariantGroup section */
		7689AE5D1F5D6DC500144FDC /* Main.storyboard */ = {
			isa = PBXVariantGroup;
			children = (
				7689AE5E1F5D6DC500144FDC /* Base */,
			);
			name = Main.storyboard;
			sourceTree = "<group>";
		};
		7689AE621F5D6DC500144FDC /* LaunchScreen.storyboard */ = {
			isa = PBXVariantGroup;
			children = (
				7689AE631F5D6DC500144FDC /* Base */,
			);
			name = LaunchScreen.storyboard;
			sourceTree = "<group>";
		};
/* End PBXVariantGroup section */

/* Begin XCBuildConfiguration section */
		7689AE661F5D6DC500144FDC /* Debug */ = {
			isa = XCBuildConfiguration;
			buildSettings = {
				ALWAYS_SEARCH_USER_PATHS = NO;
				CLANG_ANALYZER_NONNULL = YES;
				CLANG_ANALYZER_NUMBER_OBJECT_CONVERSION = YES_AGGRESSIVE;
				CLANG_CXX_LANGUAGE_STANDARD = "gnu++0x";
				CLANG_CXX_LIBRARY = "libc++";
				CLANG_ENABLE_MODULES = YES;
				CLANG_ENABLE_OBJC_ARC = YES;
				CLANG_WARN_BLOCK_CAPTURE_AUTORELEASING = YES;
				CLANG_WARN_BOOL_CONVERSION = YES;
				CLANG_WARN_COMMA = YES;
				CLANG_WARN_CONSTANT_CONVERSION = YES;
				CLANG_WARN_DIRECT_OBJC_ISA_USAGE = YES_ERROR;
				CLANG_WARN_DOCUMENTATION_COMMENTS = YES;
				CLANG_WARN_EMPTY_BODY = YES;
				CLANG_WARN_ENUM_CONVERSION = YES;
				CLANG_WARN_INFINITE_RECURSION = YES;
				CLANG_WARN_INT_CONVERSION = YES;
				CLANG_WARN_NON_LITERAL_NULL_CONVERSION = YES;
				CLANG_WARN_OBJC_LITERAL_CONVERSION = YES;
				CLANG_WARN_OBJC_ROOT_CLASS = YES_ERROR;
				CLANG_WARN_RANGE_LOOP_ANALYSIS = YES;
				CLANG_WARN_STRICT_PROTOTYPES = YES;
				CLANG_WARN_SUSPICIOUS_MOVE = YES;
				CLANG_WARN_UNREACHABLE_CODE = YES;
				CLANG_WARN__DUPLICATE_METHOD_MATCH = YES;
				"CODE_SIGN_IDENTITY[sdk=iphoneos*]" = "iPhone Developer";
				COPY_PHASE_STRIP = NO;
				DEBUG_INFORMATION_FORMAT = dwarf;
				ENABLE_STRICT_OBJC_MSGSEND = YES;
				ENABLE_TESTABILITY = YES;
				GCC_C_LANGUAGE_STANDARD = gnu99;
				GCC_DYNAMIC_NO_PIC = NO;
				GCC_NO_COMMON_BLOCKS = YES;
				GCC_OPTIMIZATION_LEVEL = 0;
				GCC_PREPROCESSOR_DEFINITIONS = (
					"DEBUG=1",
					"$(inherited)",
				);
				GCC_WARN_64_TO_32_BIT_CONVERSION = YES;
				GCC_WARN_ABOUT_RETURN_TYPE = YES_ERROR;
				GCC_WARN_UNDECLARED_SELECTOR = YES;
				GCC_WARN_UNINITIALIZED_AUTOS = YES_AGGRESSIVE;
				GCC_WARN_UNUSED_FUNCTION = YES;
				GCC_WARN_UNUSED_VARIABLE = YES;
				IPHONEOS_DEPLOYMENT_TARGET = 10.3;
				MTL_ENABLE_DEBUG_INFO = YES;
				ONLY_ACTIVE_ARCH = YES;
				SDKROOT = iphoneos;
				SWIFT_ACTIVE_COMPILATION_CONDITIONS = DEBUG;
				SWIFT_OPTIMIZATION_LEVEL = "-Onone";
				TARGETED_DEVICE_FAMILY = "1,2";
			};
			name = Debug;
		};
		7689AE671F5D6DC500144FDC /* Release */ = {
			isa = XCBuildConfiguration;
			buildSettings = {
				ALWAYS_SEARCH_USER_PATHS = NO;
				CLANG_ANALYZER_NONNULL = YES;
				CLANG_ANALYZER_NUMBER_OBJECT_CONVERSION = YES_AGGRESSIVE;
				CLANG_CXX_LANGUAGE_STANDARD = "gnu++0x";
				CLANG_CXX_LIBRARY = "libc++";
				CLANG_ENABLE_MODULES = YES;
				CLANG_ENABLE_OBJC_ARC = YES;
				CLANG_WARN_BLOCK_CAPTURE_AUTORELEASING = YES;
				CLANG_WARN_BOOL_CONVERSION = YES;
				CLANG_WARN_COMMA = YES;
				CLANG_WARN_CONSTANT_CONVERSION = YES;
				CLANG_WARN_DIRECT_OBJC_ISA_USAGE = YES_ERROR;
				CLANG_WARN_DOCUMENTATION_COMMENTS = YES;
				CLANG_WARN_EMPTY_BODY = YES;
				CLANG_WARN_ENUM_CONVERSION = YES;
				CLANG_WARN_INFINITE_RECURSION = YES;
				CLANG_WARN_INT_CONVERSION = YES;
				CLANG_WARN_NON_LITERAL_NULL_CONVERSION = YES;
				CLANG_WARN_OBJC_LITERAL_CONVERSION = YES;
				CLANG_WARN_OBJC_ROOT_CLASS = YES_ERROR;
				CLANG_WARN_RANGE_LOOP_ANALYSIS = YES;
				CLANG_WARN_STRICT_PROTOTYPES = YES;
				CLANG_WARN_SUSPICIOUS_MOVE = YES;
				CLANG_WARN_UNREACHABLE_CODE = YES;
				CLANG_WARN__DUPLICATE_METHOD_MATCH = YES;
				"CODE_SIGN_IDENTITY[sdk=iphoneos*]" = "iPhone Developer";
				COPY_PHASE_STRIP = NO;
				DEBUG_INFORMATION_FORMAT = "dwarf-with-dsym";
				ENABLE_NS_ASSERTIONS = NO;
				ENABLE_STRICT_OBJC_MSGSEND = YES;
				GCC_C_LANGUAGE_STANDARD = gnu99;
				GCC_NO_COMMON_BLOCKS = YES;
				GCC_WARN_64_TO_32_BIT_CONVERSION = YES;
				GCC_WARN_ABOUT_RETURN_TYPE = YES_ERROR;
				GCC_WARN_UNDECLARED_SELECTOR = YES;
				GCC_WARN_UNINITIALIZED_AUTOS = YES_AGGRESSIVE;
				GCC_WARN_UNUSED_FUNCTION = YES;
				GCC_WARN_UNUSED_VARIABLE = YES;
				IPHONEOS_DEPLOYMENT_TARGET = 10.3;
				MTL_ENABLE_DEBUG_INFO = NO;
				SDKROOT = iphoneos;
				SWIFT_OPTIMIZATION_LEVEL = "-Owholemodule";
				TARGETED_DEVICE_FAMILY = "1,2";
				VALIDATE_PRODUCT = YES;
			};
			name = Release;
		};
		7689AE691F5D6DC500144FDC /* Debug */ = {
			isa = XCBuildConfiguration;
			buildSettings = {
				ASSETCATALOG_COMPILER_APPICON_NAME = AppIcon;
				INFOPLIST_FILE = Project/Info.plist;
				LD_RUNPATH_SEARCH_PATHS = "$(inherited) @executable_path/Frameworks";
				PRODUCT_BUNDLE_IDENTIFIER = edu.self.Project;
				PRODUCT_NAME = "$(TARGET_NAME)";
				SWIFT_VERSION = 3.0;
			};
			name = Debug;
		};
		7689AE6A1F5D6DC500144FDC /* Release */ = {
			isa = XCBuildConfiguration;
			buildSettings = {
				ASSETCATALOG_COMPILER_APPICON_NAME = AppIcon;
				INFOPLIST_FILE = Project/Info.plist;
				LD_RUNPATH_SEARCH_PATHS = "$(inherited) @executable_path/Frameworks";
				PRODUCT_BUNDLE_IDENTIFIER = edu.self.Project;
				PRODUCT_NAME = "$(TARGET_NAME)";
				SWIFT_VERSION = 3.0;
			};
			name = Release;
		};
/* End XCBuildConfiguration section */

/* Begin XCConfigurationList section */
		7689AE511F5D6DC500144FDC /* Build configuration list for PBXProject "Project" */ = {
			isa = XCConfigurationList;
			buildConfigurations = (
				7689AE661F5D6DC500144FDC /* Debug */,
				7689AE671F5D6DC500144FDC /* Release */,
			);
			defaultConfigurationIsVisible = 0;
			defaultConfigurationName = Release;
		};
		7689AE681F5D6DC500144FDC /* Build configuration list for PBXNativeTarget "Project" */ = {
			isa = XCConfigurationList;
			buildConfigurations = (
				7689AE691F5D6DC500144FDC /* Debug */,
				7689AE6A1F5D6DC500144FDC /* Release */,
			);
			defaultConfigurationIsVisible = 0;
			defaultConfigurationName = Release;
		};
/* End XCConfigurationList section */
	};
	rootObject = 7689AE4E1F5D6DC500144FDC /* Project object */;
}
